
Microsoft Visual Studio Solution File, Format Version 10.00
# Visual Studio 2008
Project("{FAE04EC0-301F-11D3-BF4B-00C04F79EFBC}") = "CPUAlert", "CPUAlert\CPUAlert.csproj", "{F0B5BBBA-5DDF-4CAD-9477-EDEDEA7FF18D}"
EndProject
Project("{54435603-DBB4-11D2-8724-00A0C9A8B90C}") = "CPUAlert.Setup", "CPUAlert.Setup\CPUAlert.Setup.vdproj", "{7EE89FC0-5BEC-4358-93E0-6CA59F8C2ACA}"
EndProject
Global
	GlobalSection(SolutionConfigurationPlatforms) = preSolution
		Debug|Any CPU = Debug|Any CPU
		Release|Any CPU = Release|Any CPU
	EndGlobalSection
	GlobalSection(ProjectConfigurationPlatforms) = postSolution
		{F0B5BBBA-5DDF-4CAD-9477-EDEDEA7FF18D}.Debug|Any CPU.ActiveCfg = Debug|Any CPU
		{F0B5BBBA-5DDF-4CAD-9477-EDEDEA7FF18D}.Debug|Any CPU.Build.0 = Debug|Any CPU
		{F0B5BBBA-5DDF-4CAD-9477-EDEDEA7FF18D}.Release|Any CPU.ActiveCfg = Release|Any CPU
		{F0B5BBBA-5DDF-4CAD-9477-EDEDEA7FF18D}.Release|Any CPU.Build.0 = Release|Any CPU
		{7EE89FC0-5BEC-4358-93E0-6CA59F8C2ACA}.Debug|Any CPU.ActiveCfg = Debug
		{7EE89FC0-5BEC-4358-93E0-6CA59F8C2ACA}.Release|Any CPU.ActiveCfg = Release
		{7EE89FC0-5BEC-4358-93E0-6CA59F8C2ACA}.Release|Any CPU.Build.0 = Release
	EndGlobalSection
	GlobalSection(SolutionProperties) = preSolution
		HideSolutionNode = FALSE
	EndGlobalSection
EndGlobal
